// !$*UTF8*$!
{
	archiveVersion = 1;
	classes = {
	};
	objectVersion = 46;
	objects = {

/* Begin PBXBuildFile section */
		256AC3DA0F4B6AC300CF3369 /* LetsMoveAppDelegate.m in Sources */ = {isa = PBXBuildFile; fileRef = 256AC3D90F4B6AC300CF3369 /* LetsMoveAppDelegate.m */; };
		6317AB1E1068842E000355D9 /* Security.framework in Frameworks */ = {isa = PBXBuildFile; fileRef = 6317AB1D1068842E000355D9 /* Security.framework */; };
		8D11072D0486CEB800E47090 /* main.m in Sources */ = {isa = PBXBuildFile; fileRef = 29B97316FDCFA39411CA2CEA /* main.m */; settings = {ATTRIBUTES = (); }; };
		8D11072F0486CEB800E47090 /* Cocoa.framework in Frameworks */ = {isa = PBXBuildFile; fileRef = 1058C7A1FEA54F0111CA2CBB /* Cocoa.framework */; };
		C4DDD8E41892B28C00FCACF5 /* Cocoa.framework in Frameworks */ = {isa = PBXBuildFile; fileRef = C4DDD8E31892B28C00FCACF5 /* Cocoa.framework */; };
		C4DDD9081892B2B000FCACF5 /* PFMoveApplication.m in Sources */ = {isa = PBXBuildFile; fileRef = A120E7F710630B160045BE3F /* PFMoveApplication.m */; };
		C4DDD9091892B2B500FCACF5 /* NSString+SymlinksAndAliases.m in Sources */ = {isa = PBXBuildFile; fileRef = A12AF6B0136E7D0100F0BC7D /* NSString+SymlinksAndAliases.m */; };
		C4DDD90A1892B2DC00FCACF5 /* PFMoveApplication.h in Headers */ = {isa = PBXBuildFile; fileRef = A120E7F610630B160045BE3F /* PFMoveApplication.h */; settings = {ATTRIBUTES = (Public, ); }; };
		C4DDD90D1892B31D00FCACF5 /* Security.framework in Frameworks */ = {isa = PBXBuildFile; fileRef = C4DDD90C1892B31D00FCACF5 /* Security.framework */; };
		C4E15663189ABDCB0083864B /* MoveApplication.strings in Resources */ = {isa = PBXBuildFile; fileRef = C4E15661189ABDCB0083864B /* MoveApplication.strings */; };
		C4E8788718995000005BFCF5 /* PFMoveApplication.framework in Frameworks */ = {isa = PBXBuildFile; fileRef = C4DDD8E21892B28C00FCACF5 /* PFMoveApplication.framework */; };
		C4E8788918995035005BFCF5 /* PFMoveApplication.framework in CopyFiles */ = {isa = PBXBuildFile; fileRef = C4DDD8E21892B28C00FCACF5 /* PFMoveApplication.framework */; };
		C4E90325189ABD3D00B37DC5 /* LetsMove-Info.plist in Resources */ = {isa = PBXBuildFile; fileRef = C4E90324189ABD3D00B37DC5 /* LetsMove-Info.plist */; };
		C4E9032B189ABD4500B37DC5 /* InfoPlist.strings in Resources */ = {isa = PBXBuildFile; fileRef = C4E90326189ABD4500B37DC5 /* InfoPlist.strings */; };
		C4E9032C189ABD4500B37DC5 /* MainMenu.xib in Resources */ = {isa = PBXBuildFile; fileRef = C4E90328189ABD4500B37DC5 /* MainMenu.xib */; };
		C4E9032F189ABD7200B37DC5 /* LetsMoveApp-Prefix.pch in Headers */ = {isa = PBXBuildFile; fileRef = C4E9032D189ABD7200B37DC5 /* LetsMoveApp-Prefix.pch */; };
/* End PBXBuildFile section */

/* Begin PBXContainerItemProxy section */
		C4E8788518994FEF005BFCF5 /* PBXContainerItemProxy */ = {
			isa = PBXContainerItemProxy;
			containerPortal = 29B97313FDCFA39411CA2CEA /* Project object */;
			proxyType = 1;
			remoteGlobalIDString = C4DDD8E11892B28C00FCACF5;
			remoteInfo = PFMoveApplication;
		};
/* End PBXContainerItemProxy section */

/* Begin PBXCopyFilesBuildPhase section */
		C4E878881899502A005BFCF5 /* CopyFiles */ = {
			isa = PBXCopyFilesBuildPhase;
			buildActionMask = 2147483647;
			dstPath = "";
			dstSubfolderSpec = 10;
			files = (
				C4E8788918995035005BFCF5 /* PFMoveApplication.framework in CopyFiles */,
			);
			runOnlyForDeploymentPostprocessing = 0;
		};
/* End PBXCopyFilesBuildPhase section */

/* Begin PBXFileReference section */
		1058C7A1FEA54F0111CA2CBB /* Cocoa.framework */ = {isa = PBXFileReference; lastKnownFileType = wrapper.framework; name = Cocoa.framework; path = /System/Library/Frameworks/Cocoa.framework; sourceTree = "<absolute>"; };
		13E42FB307B3F0F600E4EEF1 /* CoreData.framework */ = {isa = PBXFileReference; lastKnownFileType = wrapper.framework; name = CoreData.framework; path = /System/Library/Frameworks/CoreData.framework; sourceTree = "<absolute>"; };
		256AC3D90F4B6AC300CF3369 /* LetsMoveAppDelegate.m */ = {isa = PBXFileReference; fileEncoding = 4; lastKnownFileType = sourcecode.c.objc; name = LetsMoveAppDelegate.m; path = TestApp/LetsMoveAppDelegate.m; sourceTree = "<group>"; };
		256AC3F00F4B6AF500CF3369 /* LetsMove_Prefix.pch */ = {isa = PBXFileReference; fileEncoding = 4; lastKnownFileType = sourcecode.c.h; name = LetsMove_Prefix.pch; path = TestApp/LetsMove_Prefix.pch; sourceTree = "<group>"; };
		29B97316FDCFA39411CA2CEA /* main.m */ = {isa = PBXFileReference; fileEncoding = 4; lastKnownFileType = sourcecode.c.objc; name = main.m; path = TestApp/main.m; sourceTree = "<group>"; };
		29B97324FDCFA39411CA2CEA /* AppKit.framework */ = {isa = PBXFileReference; lastKnownFileType = wrapper.framework; name = AppKit.framework; path = /System/Library/Frameworks/AppKit.framework; sourceTree = "<absolute>"; };
		29B97325FDCFA39411CA2CEA /* Foundation.framework */ = {isa = PBXFileReference; lastKnownFileType = wrapper.framework; name = Foundation.framework; path = /System/Library/Frameworks/Foundation.framework; sourceTree = "<absolute>"; };
		6317AB1D1068842E000355D9 /* Security.framework */ = {isa = PBXFileReference; lastKnownFileType = wrapper.framework; name = Security.framework; path = /System/Library/Frameworks/Security.framework; sourceTree = "<absolute>"; };
		8D1107320486CEB800E47090 /* LetsMove.app */ = {isa = PBXFileReference; explicitFileType = wrapper.application; includeInIndex = 0; path = LetsMove.app; sourceTree = BUILT_PRODUCTS_DIR; };
		A120E7F610630B160045BE3F /* PFMoveApplication.h */ = {isa = PBXFileReference; fileEncoding = 4; lastKnownFileType = sourcecode.c.h; name = PFMoveApplication.h; path = Source/PFMoveApplication.h; sourceTree = "<group>"; };
		A120E7F710630B160045BE3F /* PFMoveApplication.m */ = {isa = PBXFileReference; fileEncoding = 4; lastKnownFileType = sourcecode.c.objc; name = PFMoveApplication.m; path = Source/PFMoveApplication.m; sourceTree = "<group>"; };
		A12AF6AF136E7D0100F0BC7D /* NSString+SymlinksAndAliases.h */ = {isa = PBXFileReference; fileEncoding = 4; lastKnownFileType = sourcecode.c.h; name = "NSString+SymlinksAndAliases.h"; path = "Source/NSString+SymlinksAndAliases.h"; sourceTree = "<group>"; };
		A12AF6B0136E7D0100F0BC7D /* NSString+SymlinksAndAliases.m */ = {isa = PBXFileReference; fileEncoding = 4; lastKnownFileType = sourcecode.c.objc; name = "NSString+SymlinksAndAliases.m"; path = "Source/NSString+SymlinksAndAliases.m"; sourceTree = "<group>"; };
		A1A4C5A8106760B100AF3142 /* README.md */ = {isa = PBXFileReference; fileEncoding = 4; lastKnownFileType = text; path = README.md; sourceTree = "<group>"; };
		C40962C3189ABDFC00714DAC /* Dutch */ = {isa = PBXFileReference; lastKnownFileType = text.plist.strings; name = Dutch; path = Resources/Dutch.lproj/MoveApplication.strings; sourceTree = "<group>"; };
		C40962C4189ABE0400714DAC /* English */ = {isa = PBXFileReference; lastKnownFileType = text.plist.strings; name = English; path = Resources/English.lproj/MoveApplication.strings; sourceTree = "<group>"; };
		C427A5DA189ABE22002BC69C /* French */ = {isa = PBXFileReference; lastKnownFileType = text.plist.strings; name = French; path = Resources/French.lproj/MoveApplication.strings; sourceTree = "<group>"; };
		C427A5DB189ABE29002BC69C /* German */ = {isa = PBXFileReference; lastKnownFileType = text.plist.strings; name = German; path = Resources/German.lproj/MoveApplication.strings; sourceTree = "<group>"; };
		C427A5DC189ABE2E002BC69C /* Italian */ = {isa = PBXFileReference; lastKnownFileType = text.plist.strings; name = Italian; path = Resources/Italian.lproj/MoveApplication.strings; sourceTree = "<group>"; };
		C427A5DD189ABE34002BC69C /* Japanese */ = {isa = PBXFileReference; lastKnownFileType = text.plist.strings; name = Japanese; path = Resources/Japanese.lproj/MoveApplication.strings; sourceTree = "<group>"; };
		C427A5DE189ABE38002BC69C /* ko */ = {isa = PBXFileReference; lastKnownFileType = text.plist.strings; name = ko; path = Resources/ko.lproj/MoveApplication.strings; sourceTree = "<group>"; };
		C427A5DF189ABE3E002BC69C /* nb */ = {isa = PBXFileReference; lastKnownFileType = text.plist.strings; name = nb; path = Resources/nb.lproj/MoveApplication.strings; sourceTree = "<group>"; };
		C427A5E0189ABE42002BC69C /* Portuguese */ = {isa = PBXFileReference; lastKnownFileType = text.plist.strings; name = Portuguese; path = Resources/Portuguese.lproj/MoveApplication.strings; sourceTree = "<group>"; };
		C427A5E1189ABE45002BC69C /* pt-BR */ = {isa = PBXFileReference; lastKnownFileType = text.plist.strings; name = "pt-BR"; path = "Resources/pt-BR.lproj/MoveApplication.strings"; sourceTree = "<group>"; };
		C427A5E2189ABE4A002BC69C /* Russian */ = {isa = PBXFileReference; lastKnownFileType = text.plist.strings; name = Russian; path = Resources/Russian.lproj/MoveApplication.strings; sourceTree = "<group>"; };
		C427A5E3189ABE4D002BC69C /* Spanish */ = {isa = PBXFileReference; lastKnownFileType = text.plist.strings; name = Spanish; path = Resources/Spanish.lproj/MoveApplication.strings; sourceTree = "<group>"; };
		C427A5E4189ABE52002BC69C /* zh-Hans */ = {isa = PBXFileReference; lastKnownFileType = text.plist.strings; name = "zh-Hans"; path = "Resources/zh-Hans.lproj/MoveApplication.strings"; sourceTree = "<group>"; };
		C4DDD8E21892B28C00FCACF5 /* PFMoveApplication.framework */ = {isa = PBXFileReference; explicitFileType = wrapper.framework; includeInIndex = 0; path = PFMoveApplication.framework; sourceTree = BUILT_PRODUCTS_DIR; };
		C4DDD8E31892B28C00FCACF5 /* Cocoa.framework */ = {isa = PBXFileReference; lastKnownFileType = wrapper.framework; name = Cocoa.framework; path = System/Library/Frameworks/Cocoa.framework; sourceTree = SDKROOT; };
		C4DDD8F41892B28C00FCACF5 /* XCTest.framework */ = {isa = PBXFileReference; lastKnownFileType = wrapper.framework; name = XCTest.framework; path = Library/Frameworks/XCTest.framework; sourceTree = DEVELOPER_DIR; };
		C4DDD90C1892B31D00FCACF5 /* Security.framework */ = {isa = PBXFileReference; lastKnownFileType = wrapper.framework; name = Security.framework; path = System/Library/Frameworks/Security.framework; sourceTree = SDKROOT; };
		C4E15662189ABDCB0083864B /* cs */ = {isa = PBXFileReference; lastKnownFileType = text.plist.strings; name = cs; path = Resources/cs.lproj/MoveApplication.strings; sourceTree = "<group>"; };
		C4E15664189ABDD20083864B /* Danish */ = {isa = PBXFileReference; lastKnownFileType = text.plist.strings; name = Danish; path = Resources/Danish.lproj/MoveApplication.strings; sourceTree = "<group>"; };
		C4E90322189ABD1700B37DC5 /* LetsMoveAppDelegate.h */ = {isa = PBXFileReference; fileEncoding = 4; lastKnownFileType = sourcecode.c.h; name = LetsMoveAppDelegate.h; path = TestApp/LetsMoveAppDelegate.h; sourceTree = "<group>"; };
		C4E90324189ABD3D00B37DC5 /* LetsMove-Info.plist */ = {isa = PBXFileReference; fileEncoding = 4; lastKnownFileType = text.plist.xml; name = "LetsMove-Info.plist"; path = "TestApp/LetsMove-Info.plist"; sourceTree = "<group>"; };
		C4E90327189ABD4500B37DC5 /* en */ = {isa = PBXFileReference; lastKnownFileType = text.plist.strings; name = en; path = TestApp/Resources/en.lproj/InfoPlist.strings; sourceTree = "<group>"; };
		C4E90329189ABD4500B37DC5 /* en */ = {isa = PBXFileReference; lastKnownFileType = file.xib; name = en; path = TestApp/Resources/en.lproj/MainMenu.xib; sourceTree = "<group>"; };
		C4E9032A189ABD4500B37DC5 /* ru */ = {isa = PBXFileReference; lastKnownFileType = file.xib; name = ru; path = TestApp/Resources/ru.lproj/MainMenu.xib; sourceTree = "<group>"; };
		C4E9032D189ABD7200B37DC5 /* LetsMoveApp-Prefix.pch */ = {isa = PBXFileReference; fileEncoding = 4; lastKnownFileType = sourcecode.c.h; name = "LetsMoveApp-Prefix.pch"; path = "Framework/LetsMoveApp-Prefix.pch"; sourceTree = "<group>"; };
		C4E9032E189ABD7200B37DC5 /* PFMoveApplication-Info.plist */ = {isa = PBXFileReference; fileEncoding = 4; lastKnownFileType = text.plist.xml; name = "PFMoveApplication-Info.plist"; path = "Framework/PFMoveApplication-Info.plist"; sourceTree = "<group>"; };
/* End PBXFileReference section */

/* Begin PBXFrameworksBuildPhase section */
		8D11072E0486CEB800E47090 /* Frameworks */ = {
			isa = PBXFrameworksBuildPhase;
			buildActionMask = 2147483647;
			files = (
				C4E8788718995000005BFCF5 /* PFMoveApplication.framework in Frameworks */,
				8D11072F0486CEB800E47090 /* Cocoa.framework in Frameworks */,
				6317AB1E1068842E000355D9 /* Security.framework in Frameworks */,
			);
			runOnlyForDeploymentPostprocessing = 0;
		};
		C4DDD8DE1892B28C00FCACF5 /* Frameworks */ = {
			isa = PBXFrameworksBuildPhase;
			buildActionMask = 2147483647;
			files = (
				C4DDD90D1892B31D00FCACF5 /* Security.framework in Frameworks */,
				C4DDD8E41892B28C00FCACF5 /* Cocoa.framework in Frameworks */,
			);
			runOnlyForDeploymentPostprocessing = 0;
		};
/* End PBXFrameworksBuildPhase section */

/* Begin PBXGroup section */
		080E96DDFE201D6D7F000001 /* Classes */ = {
			isa = PBXGroup;
			children = (
				A120E7F610630B160045BE3F /* PFMoveApplication.h */,
				A120E7F710630B160045BE3F /* PFMoveApplication.m */,
				A12AF6AF136E7D0100F0BC7D /* NSString+SymlinksAndAliases.h */,
				A12AF6B0136E7D0100F0BC7D /* NSString+SymlinksAndAliases.m */,
			);
			name = Classes;
			sourceTree = "<group>";
		};
		1058C7A0FEA54F0111CA2CBB /* Linked Frameworks */ = {
			isa = PBXGroup;
			children = (
				1058C7A1FEA54F0111CA2CBB /* Cocoa.framework */,
				6317AB1D1068842E000355D9 /* Security.framework */,
			);
			name = "Linked Frameworks";
			sourceTree = "<group>";
		};
		1058C7A2FEA54F0111CA2CBB /* Other Frameworks */ = {
			isa = PBXGroup;
			children = (
				29B97324FDCFA39411CA2CEA /* AppKit.framework */,
				13E42FB307B3F0F600E4EEF1 /* CoreData.framework */,
				29B97325FDCFA39411CA2CEA /* Foundation.framework */,
			);
			name = "Other Frameworks";
			sourceTree = "<group>";
		};
		19C28FACFE9D520D11CA2CBB /* Products */ = {
			isa = PBXGroup;
			children = (
				8D1107320486CEB800E47090 /* LetsMove.app */,
				C4DDD8E21892B28C00FCACF5 /* PFMoveApplication.framework */,
			);
			name = Products;
			sourceTree = "<group>";
		};
		29B97314FDCFA39411CA2CEA /* LetsMove */ = {
			isa = PBXGroup;
			children = (
				C4E90320189ABC7800B37DC5 /* App */,
				C4E90321189ABC7E00B37DC5 /* Framework */,
				080E96DDFE201D6D7F000001 /* Classes */,
				29B97323FDCFA39411CA2CEA /* Frameworks */,
				A1A4C5A8106760B100AF3142 /* README.md */,
				19C28FACFE9D520D11CA2CBB /* Products */,
			);
			name = LetsMove;
			sourceTree = "<group>";
		};
		29B97323FDCFA39411CA2CEA /* Frameworks */ = {
			isa = PBXGroup;
			children = (
				C4DDD90C1892B31D00FCACF5 /* Security.framework */,
				1058C7A0FEA54F0111CA2CBB /* Linked Frameworks */,
				C4DDD8E31892B28C00FCACF5 /* Cocoa.framework */,
				C4DDD8F41892B28C00FCACF5 /* XCTest.framework */,
				1058C7A2FEA54F0111CA2CBB /* Other Frameworks */,
			);
			name = Frameworks;
			sourceTree = "<group>";
		};
		C4E90320189ABC7800B37DC5 /* App */ = {
			isa = PBXGroup;
			children = (
				C4E90323189ABD2800B37DC5 /* Supporting Files */,
				256AC3F00F4B6AF500CF3369 /* LetsMove_Prefix.pch */,
				C4E90322189ABD1700B37DC5 /* LetsMoveAppDelegate.h */,
				256AC3D90F4B6AC300CF3369 /* LetsMoveAppDelegate.m */,
				29B97316FDCFA39411CA2CEA /* main.m */,
			);
			name = App;
			sourceTree = "<group>";
		};
		C4E90321189ABC7E00B37DC5 /* Framework */ = {
			isa = PBXGroup;
			children = (
				C4E90331189ABD7500B37DC5 /* Resources */,
				C4E9032D189ABD7200B37DC5 /* LetsMoveApp-Prefix.pch */,
				C4E9032E189ABD7200B37DC5 /* PFMoveApplication-Info.plist */,
			);
			name = Framework;
			sourceTree = "<group>";
		};
		C4E90323189ABD2800B37DC5 /* Supporting Files */ = {
			isa = PBXGroup;
			children = (
				C4E90326189ABD4500B37DC5 /* InfoPlist.strings */,
				C4E90328189ABD4500B37DC5 /* MainMenu.xib */,
				C4E90324189ABD3D00B37DC5 /* LetsMove-Info.plist */,
			);
			name = "Supporting Files";
			sourceTree = "<group>";
		};
		C4E90331189ABD7500B37DC5 /* Resources */ = {
			isa = PBXGroup;
			children = (
				C4E15661189ABDCB0083864B /* MoveApplication.strings */,
			);
			name = Resources;
			sourceTree = "<group>";
		};
/* End PBXGroup section */

/* Begin PBXHeadersBuildPhase section */
		C4DDD8DF1892B28C00FCACF5 /* Headers */ = {
			isa = PBXHeadersBuildPhase;
			buildActionMask = 2147483647;
			files = (
				C4E9032F189ABD7200B37DC5 /* LetsMoveApp-Prefix.pch in Headers */,
				C4DDD90A1892B2DC00FCACF5 /* PFMoveApplication.h in Headers */,
			);
			runOnlyForDeploymentPostprocessing = 0;
		};
/* End PBXHeadersBuildPhase section */

/* Begin PBXNativeTarget section */
		8D1107260486CEB800E47090 /* LetsMove */ = {
			isa = PBXNativeTarget;
			buildConfigurationList = C01FCF4A08A954540054247B /* Build configuration list for PBXNativeTarget "LetsMove" */;
			buildPhases = (
				8D11072C0486CEB800E47090 /* Sources */,
				8D11072E0486CEB800E47090 /* Frameworks */,
				C4E878881899502A005BFCF5 /* CopyFiles */,
				8D1107290486CEB800E47090 /* Resources */,
			);
			buildRules = (
			);
			dependencies = (
				C4E8788618994FEF005BFCF5 /* PBXTargetDependency */,
			);
			name = LetsMove;
			productInstallPath = "$(HOME)/Applications";
			productName = LetsMove;
			productReference = 8D1107320486CEB800E47090 /* LetsMove.app */;
			productType = "com.apple.product-type.application";
		};
		C4DDD8E11892B28C00FCACF5 /* PFMoveApplication */ = {
			isa = PBXNativeTarget;
			buildConfigurationList = C4DDD9061892B28C00FCACF5 /* Build configuration list for PBXNativeTarget "PFMoveApplication" */;
			buildPhases = (
				C4DDD8DD1892B28C00FCACF5 /* Sources */,
				C4DDD8DE1892B28C00FCACF5 /* Frameworks */,
				C4DDD8DF1892B28C00FCACF5 /* Headers */,
				C4DDD8E01892B28C00FCACF5 /* Resources */,
			);
			buildRules = (
			);
			dependencies = (
			);
			name = PFMoveApplication;
			productName = LetsMoveApp;
			productReference = C4DDD8E21892B28C00FCACF5 /* PFMoveApplication.framework */;
			productType = "com.apple.product-type.framework";
		};
/* End PBXNativeTarget section */

/* Begin PBXProject section */
		29B97313FDCFA39411CA2CEA /* Project object */ = {
			isa = PBXProject;
			attributes = {
				LastUpgradeCheck = 0500;
			};
			buildConfigurationList = C01FCF4E08A954540054247B /* Build configuration list for PBXProject "LetsMove" */;
			compatibilityVersion = "Xcode 3.2";
			developmentRegion = English;
			hasScannedForEncodings = 1;
			knownRegions = (
				English,
				Japanese,
				French,
				German,
				Russian,
				Dutch,
				Spanish,
				Danish,
				Italian,
				"zh-Hans",
				Portuguese,
				"pt-BR",
				ko,
				nb,
				cs,
				en,
				ru,
			);
			mainGroup = 29B97314FDCFA39411CA2CEA /* LetsMove */;
			projectDirPath = "";
			projectRoot = "";
			targets = (
				8D1107260486CEB800E47090 /* LetsMove */,
				C4DDD8E11892B28C00FCACF5 /* PFMoveApplication */,
			);
		};
/* End PBXProject section */

/* Begin PBXResourcesBuildPhase section */
		8D1107290486CEB800E47090 /* Resources */ = {
			isa = PBXResourcesBuildPhase;
			buildActionMask = 2147483647;
			files = (
				C4E9032C189ABD4500B37DC5 /* MainMenu.xib in Resources */,
				C4E9032B189ABD4500B37DC5 /* InfoPlist.strings in Resources */,
				C4E90325189ABD3D00B37DC5 /* LetsMove-Info.plist in Resources */,
			);
			runOnlyForDeploymentPostprocessing = 0;
		};
		C4DDD8E01892B28C00FCACF5 /* Resources */ = {
			isa = PBXResourcesBuildPhase;
			buildActionMask = 2147483647;
			files = (
				C4E15663189ABDCB0083864B /* MoveApplication.strings in Resources */,
			);
			runOnlyForDeploymentPostprocessing = 0;
		};
/* End PBXResourcesBuildPhase section */

/* Begin PBXSourcesBuildPhase section */
		8D11072C0486CEB800E47090 /* Sources */ = {
			isa = PBXSourcesBuildPhase;
			buildActionMask = 2147483647;
			files = (
				8D11072D0486CEB800E47090 /* main.m in Sources */,
				256AC3DA0F4B6AC300CF3369 /* LetsMoveAppDelegate.m in Sources */,
			);
			runOnlyForDeploymentPostprocessing = 0;
		};
		C4DDD8DD1892B28C00FCACF5 /* Sources */ = {
			isa = PBXSourcesBuildPhase;
			buildActionMask = 2147483647;
			files = (
				C4DDD9091892B2B500FCACF5 /* NSString+SymlinksAndAliases.m in Sources */,
				C4DDD9081892B2B000FCACF5 /* PFMoveApplication.m in Sources */,
			);
			runOnlyForDeploymentPostprocessing = 0;
		};
/* End PBXSourcesBuildPhase section */

/* Begin PBXTargetDependency section */
		C4E8788618994FEF005BFCF5 /* PBXTargetDependency */ = {
			isa = PBXTargetDependency;
			target = C4DDD8E11892B28C00FCACF5 /* PFMoveApplication */;
			targetProxy = C4E8788518994FEF005BFCF5 /* PBXContainerItemProxy */;
		};
/* End PBXTargetDependency section */

/* Begin PBXVariantGroup section */
		C4E15661189ABDCB0083864B /* MoveApplication.strings */ = {
			isa = PBXVariantGroup;
			children = (
				C4E15662189ABDCB0083864B /* cs */,
				C4E15664189ABDD20083864B /* Danish */,
				C40962C3189ABDFC00714DAC /* Dutch */,
				C40962C4189ABE0400714DAC /* English */,
				C427A5DA189ABE22002BC69C /* French */,
				C427A5DB189ABE29002BC69C /* German */,
				C427A5DC189ABE2E002BC69C /* Italian */,
				C427A5DD189ABE34002BC69C /* Japanese */,
				C427A5DE189ABE38002BC69C /* ko */,
				C427A5DF189ABE3E002BC69C /* nb */,
				C427A5E0189ABE42002BC69C /* Portuguese */,
				C427A5E1189ABE45002BC69C /* pt-BR */,
				C427A5E2189ABE4A002BC69C /* Russian */,
				C427A5E3189ABE4D002BC69C /* Spanish */,
				C427A5E4189ABE52002BC69C /* zh-Hans */,
			);
			name = MoveApplication.strings;
			sourceTree = "<group>";
		};
		C4E90326189ABD4500B37DC5 /* InfoPlist.strings */ = {
			isa = PBXVariantGroup;
			children = (
				C4E90327189ABD4500B37DC5 /* en */,
			);
			name = InfoPlist.strings;
			sourceTree = "<group>";
		};
		C4E90328189ABD4500B37DC5 /* MainMenu.xib */ = {
			isa = PBXVariantGroup;
			children = (
				C4E90329189ABD4500B37DC5 /* en */,
				C4E9032A189ABD4500B37DC5 /* ru */,
			);
			name = MainMenu.xib;
			sourceTree = "<group>";
		};
/* End PBXVariantGroup section */

/* Begin XCBuildConfiguration section */
		C01FCF4B08A954540054247B /* Debug */ = {
			isa = XCBuildConfiguration;
			buildSettings = {
				ALWAYS_SEARCH_USER_PATHS = NO;
				COMBINE_HIDPI_IMAGES = YES;
				COPY_PHASE_STRIP = NO;
				GCC_DYNAMIC_NO_PIC = NO;
				GCC_MODEL_TUNING = G5;
				GCC_OPTIMIZATION_LEVEL = 0;
				GCC_PRECOMPILE_PREFIX_HEADER = YES;
				GCC_PREFIX_HEADER = TestApp/LetsMove_Prefix.pch;
				INFOPLIST_FILE = "TestApp/LetsMove-Info.plist";
				INSTALL_PATH = "$(HOME)/Applications";
				PRODUCT_NAME = LetsMove;
			};
			name = Debug;
		};
		C01FCF4C08A954540054247B /* Release */ = {
			isa = XCBuildConfiguration;
			buildSettings = {
				ALWAYS_SEARCH_USER_PATHS = NO;
				COMBINE_HIDPI_IMAGES = YES;
				DEBUG_INFORMATION_FORMAT = "dwarf-with-dsym";
				GCC_MODEL_TUNING = G5;
				GCC_PRECOMPILE_PREFIX_HEADER = YES;
				GCC_PREFIX_HEADER = TestApp/LetsMove_Prefix.pch;
				INFOPLIST_FILE = "TestApp/LetsMove-Info.plist";
				INSTALL_PATH = "$(HOME)/Applications";
				PRODUCT_NAME = LetsMove;
			};
			name = Release;
		};
		C01FCF4F08A954540054247B /* Debug */ = {
			isa = XCBuildConfiguration;
			buildSettings = {
				ARCHS = "$(ARCHS_STANDARD_32_64_BIT)";
				"ARCHS[sdk=macosx10.4]" = "$(ARCHS_STANDARD_32_BIT)";
				CLANG_WARN_IMPLICIT_SIGN_CONVERSION = YES;
				CLANG_WARN_SUSPICIOUS_IMPLICIT_CONVERSION = YES;
				GCC_C_LANGUAGE_STANDARD = gnu99;
				GCC_OPTIMIZATION_LEVEL = 0;
				GCC_TREAT_IMPLICIT_FUNCTION_DECLARATIONS_AS_ERRORS = YES;
				GCC_TREAT_INCOMPATIBLE_POINTER_TYPE_WARNINGS_AS_ERRORS = YES;
				"GCC_VERSION[sdk=macosx10.4][arch=*]" = 4.0;
				GCC_WARN_64_TO_32_BIT_CONVERSION = YES;
				GCC_WARN_ABOUT_MISSING_NEWLINE = YES;
				GCC_WARN_ABOUT_MISSING_PROTOTYPES = YES;
				GCC_WARN_ABOUT_RETURN_TYPE = YES;
				GCC_WARN_FOUR_CHARACTER_CONSTANTS = YES;
				GCC_WARN_INITIALIZER_NOT_FULLY_BRACKETED = YES;
				GCC_WARN_SHADOW = YES;
				GCC_WARN_SIGN_COMPARE = YES;
				GCC_WARN_UNKNOWN_PRAGMAS = YES;
				GCC_WARN_UNUSED_FUNCTION = YES;
				GCC_WARN_UNUSED_VARIABLE = YES;
				MACOSX_DEPLOYMENT_TARGET = 10.5;
				"MACOSX_DEPLOYMENT_TARGET[arch=x86_64]" = 10.5;
				ONLY_ACTIVE_ARCH = YES;
			};
			name = Debug;
		};
		C01FCF5008A954540054247B /* Release */ = {
			isa = XCBuildConfiguration;
			buildSettings = {
				ARCHS = "$(ARCHS_STANDARD_32_64_BIT)";
				"ARCHS[sdk=macosx10.4]" = "$(ARCHS_STANDARD_32_BIT)";
				CLANG_WARN_IMPLICIT_SIGN_CONVERSION = YES;
				CLANG_WARN_SUSPICIOUS_IMPLICIT_CONVERSION = YES;
				GCC_C_LANGUAGE_STANDARD = gnu99;
				GCC_TREAT_IMPLICIT_FUNCTION_DECLARATIONS_AS_ERRORS = YES;
				GCC_TREAT_INCOMPATIBLE_POINTER_TYPE_WARNINGS_AS_ERRORS = YES;
				"GCC_VERSION[sdk=macosx10.4][arch=*]" = 4.0;
				GCC_WARN_64_TO_32_BIT_CONVERSION = YES;
				GCC_WARN_ABOUT_MISSING_NEWLINE = YES;
				GCC_WARN_ABOUT_MISSING_PROTOTYPES = YES;
				GCC_WARN_ABOUT_RETURN_TYPE = YES;
				GCC_WARN_FOUR_CHARACTER_CONSTANTS = YES;
				GCC_WARN_INITIALIZER_NOT_FULLY_BRACKETED = YES;
				GCC_WARN_SHADOW = YES;
				GCC_WARN_SIGN_COMPARE = YES;
				GCC_WARN_UNKNOWN_PRAGMAS = YES;
				GCC_WARN_UNUSED_FUNCTION = YES;
				GCC_WARN_UNUSED_VARIABLE = YES;
				MACOSX_DEPLOYMENT_TARGET = 10.5;
				"MACOSX_DEPLOYMENT_TARGET[arch=x86_64]" = 10.5;
			};
			name = Release;
		};
		C4DDD9021892B28C00FCACF5 /* Debug */ = {
			isa = XCBuildConfiguration;
			buildSettings = {
				ALWAYS_SEARCH_USER_PATHS = NO;
				CLANG_CXX_LIBRARY = "compiler-default";
				CLANG_ENABLE_OBJC_ARC = NO;
				CLANG_WARN_BOOL_CONVERSION = YES;
				CLANG_WARN_CONSTANT_CONVERSION = YES;
				CLANG_WARN_DIRECT_OBJC_ISA_USAGE = YES_ERROR;
				CLANG_WARN_EMPTY_BODY = YES;
				CLANG_WARN_ENUM_CONVERSION = YES;
				CLANG_WARN_INT_CONVERSION = YES;
				CLANG_WARN_OBJC_ROOT_CLASS = YES_ERROR;
				CLANG_WARN__DUPLICATE_METHOD_MATCH = YES;
				COMBINE_HIDPI_IMAGES = YES;
				COPY_PHASE_STRIP = NO;
				DYLIB_COMPATIBILITY_VERSION = 1;
				DYLIB_CURRENT_VERSION = 1;
				FRAMEWORK_VERSION = A;
				GCC_DYNAMIC_NO_PIC = NO;
				GCC_ENABLE_OBJC_EXCEPTIONS = YES;
				GCC_PRECOMPILE_PREFIX_HEADER = YES;
				GCC_PREFIX_HEADER = "Framework/LetsMoveApp-Prefix.pch";
				GCC_PREPROCESSOR_DEFINITIONS = (
					"DEBUG=1",
					"$(inherited)",
				);
				GCC_SYMBOLS_PRIVATE_EXTERN = NO;
				GCC_WARN_ABOUT_RETURN_TYPE = YES_ERROR;
				GCC_WARN_UNDECLARED_SELECTOR = YES;
				GCC_WARN_UNINITIALIZED_AUTOS = YES;
				INFOPLIST_FILE = "Framework/PFMoveApplication-Info.plist";
				MACOSX_DEPLOYMENT_TARGET = 10.5;
				PRODUCT_NAME = "$(TARGET_NAME)";
				SDKROOT = macosx;
				WRAPPER_EXTENSION = framework;
			};
			name = Debug;
		};
		C4DDD9031892B28C00FCACF5 /* Release */ = {
			isa = XCBuildConfiguration;
			buildSettings = {
				ALWAYS_SEARCH_USER_PATHS = NO;
				CLANG_CXX_LIBRARY = "compiler-default";
				CLANG_ENABLE_OBJC_ARC = NO;
				CLANG_WARN_BOOL_CONVERSION = YES;
				CLANG_WARN_CONSTANT_CONVERSION = YES;
				CLANG_WARN_DIRECT_OBJC_ISA_USAGE = YES_ERROR;
				CLANG_WARN_EMPTY_BODY = YES;
				CLANG_WARN_ENUM_CONVERSION = YES;
				CLANG_WARN_INT_CONVERSION = YES;
				CLANG_WARN_OBJC_ROOT_CLASS = YES_ERROR;
				CLANG_WARN__DUPLICATE_METHOD_MATCH = YES;
				COMBINE_HIDPI_IMAGES = YES;
				COPY_PHASE_STRIP = YES;
				DEBUG_INFORMATION_FORMAT = "dwarf-with-dsym";
				DYLIB_COMPATIBILITY_VERSION = 1;
				DYLIB_CURRENT_VERSION = 1;
				ENABLE_NS_ASSERTIONS = NO;
				FRAMEWORK_VERSION = A;
				GCC_ENABLE_OBJC_EXCEPTIONS = YES;
				GCC_PRECOMPILE_PREFIX_HEADER = YES;
				GCC_PREFIX_HEADER = "Framework/LetsMoveApp-Prefix.pch";
				GCC_WARN_ABOUT_RETURN_TYPE = YES_ERROR;
				GCC_WARN_UNDECLARED_SELECTOR = YES;
				GCC_WARN_UNINITIALIZED_AUTOS = YES;
				INFOPLIST_FILE = "Framework/PFMoveApplication-Info.plist";
				MACOSX_DEPLOYMENT_TARGET = 10.5;
				PRODUCT_NAME = "$(TARGET_NAME)";
				SDKROOT = macosx;
				WRAPPER_EXTENSION = framework;
			};
			name = Release;
		};
/* End XCBuildConfiguration section */

/* Begin XCConfigurationList section */
		C01FCF4A08A954540054247B /* Build configuration list for PBXNativeTarget "LetsMove" */ = {
			isa = XCConfigurationList;
			buildConfigurations = (
				C01FCF4B08A954540054247B /* Debug */,
				C01FCF4C08A954540054247B /* Release */,
			);
			defaultConfigurationIsVisible = 0;
			defaultConfigurationName = Release;
		};
		C01FCF4E08A954540054247B /* Build configuration list for PBXProject "LetsMove" */ = {
			isa = XCConfigurationList;
			buildConfigurations = (
				C01FCF4F08A954540054247B /* Debug */,
				C01FCF5008A954540054247B /* Release */,
			);
			defaultConfigurationIsVisible = 0;
			defaultConfigurationName = Release;
		};
		C4DDD9061892B28C00FCACF5 /* Build configuration list for PBXNativeTarget "PFMoveApplication" */ = {
			isa = XCConfigurationList;
			buildConfigurations = (
				C4DDD9021892B28C00FCACF5 /* Debug */,
				C4DDD9031892B28C00FCACF5 /* Release */,
			);
			defaultConfigurationIsVisible = 0;
			defaultConfigurationName = Release;
		};
/* End XCConfigurationList section */
	};
	rootObject = 29B97313FDCFA39411CA2CEA /* Project object */;
}
